
Microsoft Visual Studio Solution File, Format Version 12.00
# Visual Studio Version 17
VisualStudioVersion = 17.3.32929.385
MinimumVisualStudioVersion = 10.0.40219.1
Project("{FAE04EC0-301F-11D3-BF4B-00C04F79EFBC}") = "windowsFormsAppCalcForm", "windowsFormsAppCalcForm\windowsFormsAppCalcForm.csproj", "{A0641009-651F-4FB2-8EA2-1B11F3974A34}"
EndProject
Global
	GlobalSection(SolutionConfigurationPlatforms) = preSolution
		Debug|Any CPU = Debug|Any CPU
		Release|Any CPU = Release|Any CPU
	EndGlobalSection
	GlobalSection(ProjectConfigurationPlatforms) = postSolution
		{A0641009-651F-4FB2-8EA2-1B11F3974A34}.Debug|Any CPU.ActiveCfg = Debug|Any CPU
		{A0641009-651F-4FB2-8EA2-1B11F3974A34}.Debug|Any CPU.Build.0 = Debug|Any CPU
		{A0641009-651F-4FB2-8EA2-1B11F3974A34}.Release|Any CPU.ActiveCfg = Release|Any CPU
		{A0641009-651F-4FB2-8EA2-1B11F3974A34}.Release|Any CPU.Build.0 = Release|Any CPU
	EndGlobalSection
	GlobalSection(SolutionProperties) = preSolution
		HideSolutionNode = FALSE
	EndGlobalSection
	GlobalSection(ExtensibilityGlobals) = postSolution
		SolutionGuid = {0AC0F44C-3971-42A2-A87C-520FA1064187}
	EndGlobalSection
EndGlobal
